{
  "version": 2,
  "dependencies": {
    "net9.0": {
      "Microsoft.NET.Test.Sdk": {
        "type": "Direct",
        "requested": "[18.0.1, )",
        "resolved": "18.0.1",
        "contentHash": "WNpu6vI2rA0pXY4r7NKxCN16XRWl5uHu6qjuyVLoDo6oYEggIQefrMjkRuibQHm/NslIUNCcKftvoWAN80MSAg==",
        "dependencies": {
          "Microsoft.CodeCoverage": "18.0.1",
          "Microsoft.TestPlatform.TestHost": "18.0.1"
        }
      },
      "xunit.runner.visualstudio": {
        "type": "Direct",
        "requested": "[3.1.4, )",
        "resolved": "3.1.4",
        "contentHash": "5mj99LvCqrq3CNi06xYdyIAXOEh+5b33F2nErCzI5zWiDdLHXiPXEWFSUAF8zlIv0ZWqjZNCwHTQeAPYbF3pCg=="
      },
      "xunit.v3": {
        "type": "Direct",
        "requested": "[3.0.0, )",
        "resolved": "3.0.0",
        "contentHash": "IzPThK1+JjkBJzMWrWtMZY7FtYagnpg3cBwR/8XJE5mK6JPwz5nz/auQ9Ln02DZCK3O3E1kHyMC1f490/6g6dQ==",
        "dependencies": {
          "xunit.analyzers": "1.23.0",
          "xunit.v3.assert": "[3.0.0]",
          "xunit.v3.core": "[3.0.0]"
        }
      },
      "Microsoft.Bcl.AsyncInterfaces": {
        "type": "Transitive",
        "resolved": "6.0.0",
        "contentHash": "UcSjPsst+DfAdJGVDsu346FX0ci0ah+lw3WRtn18NUwEqRt70HaOQ7lI72vy3+1LxtqI3T5GWwV39rQSrCzAeg=="
      },
      "Microsoft.CodeCoverage": {
        "type": "Transitive",
        "resolved": "18.0.1",
        "contentHash": "O+utSr97NAJowIQT/OVp3Lh9QgW/wALVTP4RG1m2AfFP4IyJmJz0ZBmFJUsRQiAPgq6IRC0t8AAzsiPIsaUDEA=="
      },
      "Microsoft.EntityFrameworkCore.Abstractions": {
        "type": "Transitive",
        "resolved": "9.0.16",
        "contentHash": "t99MjhkXfbVajhe6nPepv4ZP5Qcpj4bgwmv2tNzvKr1NF1J+MRe7tulFHknhOazhUatH+shK/B7/NheiwdYh3A=="
      },
      "Microsoft.EntityFrameworkCore.Analyzers": {
        "type": "Transitive",
        "resolved": "9.0.16",
        "contentHash": "0Kf89oM4aVocoVflsLa/tN7qpX7M5Fg6L6d2H0ZlIil8SFNpG0NmC3bnidAa2690qg2lQwswueiZA0Fl7QAeVw=="
      },
      "Microsoft.EntityFrameworkCore.Relational": {
        "type": "Transitive",
        "resolved": "9.0.1",
        "contentHash": "7Iu0h4oevRvH4IwPzmxuIJGYRt55TapoREGlluk75KCO7lenN0+QnzCl6cQDY48uDoxAUpJbpK2xW7o8Ix69dw==",
        "dependencies": {
          "Microsoft.EntityFrameworkCore": "9.0.1",
          "Microsoft.Extensions.Caching.Memory": "9.0.1",
          "Microsoft.Extensions.Configuration.Abstractions": "9.0.1",
          "Microsoft.Extensions.Logging": "9.0.1"
        }
      },
      "Microsoft.Extensions.Caching.Abstractions": {
        "type": "Transitive",
        "resolved": "9.0.16",
        "contentHash": "0jHFjlmTblnQ/m/h6ezqpMDxmc/VM9IYDYvPsLg2BAJt+Js9OAgs1vPMnJtNHFHbTig4Pbxm353eVvlHvCnFTw==",
        "dependencies": {
          "Microsoft.Extensions.Primitives": "9.0.16"
        }
      },
      "Microsoft.Extensions.Caching.Memory": {
        "type": "Transitive",
        "resolved": "9.0.16",
        "contentHash": "DakrEhZN1y0V8gXgexnJfvBJ+7pR+Ki16kCXHZzAKbdb7446BfV+SXPn9DB4eCYCCZ4cuzFRAKGsMaj9GSyz0w==",
        "dependencies": {
          "Microsoft.Extensions.Caching.Abstractions": "9.0.16",
          "Microsoft.Extensions.DependencyInjection.Abstractions": "9.0.16",
          "Microsoft.Extensions.Logging.Abstractions": "9.0.16",
          "Microsoft.Extensions.Options": "9.0.16",
          "Microsoft.Extensions.Primitives": "9.0.16"
        }
      },
      "Microsoft.Extensions.Configuration.Abstractions": {
        "type": "Transitive",
        "resolved": "9.0.16",
        "contentHash": "+Hgfx2NC+lLG7S47DxhASWp9bbCuEPyzO7s/JTJ9DLc0QXpFTBdJVQouoHaqqQCOD+78k+Np+/cSaQdqrhrf5g==",
        "dependencies": {
          "Microsoft.Extensions.Primitives": "9.0.16"
        }
      },
      "Microsoft.Extensions.Configuration.FileExtensions": {
        "type": "Transitive",
        "resolved": "9.0.16",
        "contentHash": "Pyk9/H+V7PSibfJgu0yEWi9wwunct5I1XMUNsvLyOH5aH5hJL07deJBY5Q+h9zatl+Uw6us+34c4az/x3Z0oRA==",
        "dependencies": {
          "Microsoft.Extensions.Configuration": "9.0.16",
          "Microsoft.Extensions.Configuration.Abstractions": "9.0.16",
          "Microsoft.Extensions.FileProviders.Abstractions": "9.0.16",
          "Microsoft.Extensions.FileProviders.Physical": "9.0.16",
          "Microsoft.Extensions.Primitives": "9.0.16"
        }
      },
      "Microsoft.Extensions.DependencyInjection": {
        "type": "Transitive",
        "resolved": "9.0.16",
        "contentHash": "ehl4zyK3uUAPX+sQWIzlcavpfWJVb5vl468tI71x5BRzE1Q/1co9OLYmTdEQtVS8qd0GO7RQK/nz6lZha1+Stw==",
        "dependencies": {
          "Microsoft.Extensions.DependencyInjection.Abstractions": "9.0.16"
        }
      },
      "Microsoft.Extensions.DependencyInjection.Abstractions": {
        "type": "Transitive",
        "resolved": "9.0.16",
        "contentHash": "nluyqL58OHcU2M1qFx2QXBa0miA4yUfQBX2J98hHKRrsigtVEJzQYPMDhwDeBaX4qyjI3f3rX+uOsP5lAwPJpg=="
      },
      "Microsoft.Extensions.FileProviders.Abstractions": {
        "type": "Transitive",
        "resolved": "9.0.16",
        "contentHash": "/YLSWDs+p0Y4+UGPoWI3uUNq7R5/f/8zw8XeViuhfSTGnPowoqbllBE9aR4TteFgNfIH4IHkhUwSlhMLB0aL8g==",
        "dependencies": {
          "Microsoft.Extensions.Primitives": "9.0.16"
        }
      },
      "Microsoft.Extensions.FileProviders.Physical": {
        "type": "Transitive",
        "resolved": "9.0.16",
        "contentHash": "jRD7Q/gUMwcd3qhjv+j72apkLhxV0bci1AiqUVAZ9Cy53XgZG1Qwy4/MVxUN4xh8F0L/J8UP0l4+FLnhfZnJ7A==",
        "dependencies": {
          "Microsoft.Extensions.FileProviders.Abstractions": "9.0.16",
          "Microsoft.Extensions.FileSystemGlobbing": "9.0.16",
          "Microsoft.Extensions.Primitives": "9.0.16"
        }
      },
      "Microsoft.Extensions.FileSystemGlobbing": {
        "type": "Transitive",
        "resolved": "9.0.16",
        "contentHash": "e+DBK3rmeR4UUUprclszcOu1b6KB6sVpyw2fL7WQLSEt2D29NMFZpEa+2VeFzZWm7IAou7ELBq67LtWs6H6CXQ=="
      },
      "Microsoft.Extensions.Logging": {
        "type": "Transitive",
        "resolved": "9.0.16",
        "contentHash": "EDI3wGfdlvcOSfYC00NaqW60JibBN7iHlJrrlQwL2cjW+ajDWC+ajGd0oX8iSGNfQRdM8/YMTw4Dk/9xPmpubA==",
        "dependencies": {
          "Microsoft.Extensions.DependencyInjection": "9.0.16",
          "Microsoft.Extensions.Logging.Abstractions": "9.0.16",
          "Microsoft.Extensions.Options": "9.0.16"
        }
      },
      "Microsoft.Extensions.Logging.Abstractions": {
        "type": "Transitive",
        "resolved": "9.0.16",
        "contentHash": "dxeqqtPo1y1HjOKehfGiFWALIVw2dj0pMsPW412ksvKE6k54ZBEQ7/9xAdVpE7Mh5BboJOV58PC7gdATmxKkSA==",
        "dependencies": {
          "Microsoft.Extensions.DependencyInjection.Abstractions": "9.0.16"
        }
      },
      "Microsoft.Extensions.Options": {
        "type": "Transitive",
        "resolved": "9.0.16",
        "contentHash": "y6d58Ua9dJYrEKfcWFoPnA/K8id/WEIpcvAhk5Iu7w3vIBTQNmHhurWKAYuesfuLaZhHEKOXueruRp4l0Y74Vw==",
        "dependencies": {
          "Microsoft.Extensions.DependencyInjection.Abstractions": "9.0.16",
          "Microsoft.Extensions.Primitives": "9.0.16"
        }
      },
      "Microsoft.Extensions.Primitives": {
        "type": "Transitive",
        "resolved": "9.0.16",
        "contentHash": "w5RE1MR0lnAElsRJaFd2POIXl/H62aBKmfX8ibYmRmbk0JB9V/9jR0VD5NxiP1ETWpnDAnPguTSe7fF/FdsHEQ=="
      },
      "Microsoft.Testing.Extensions.TrxReport.Abstractions": {
        "type": "Transitive",
        "resolved": "1.7.3",
        "contentHash": "dDEETHbX5JQBMIFgBPkX/FmCU4DRQSG+k58QUtz7zTdnEZDafPKH6YHSMoHY3blDiZV/vcSol35Ux3WC7wU+9Q==",
        "dependencies": {
          "Microsoft.Testing.Platform": "1.7.3"
        }
      },
      "Microsoft.Testing.Platform": {
        "type": "Transitive",
        "resolved": "1.7.3",
        "contentHash": "cI6u+CPxv3+07cbSwJVKOfxFrecbjfZnid1fe8EMhyPY4qmsSNnm+hN+GIy8u4JIlrADfrskDiwnScjRzVzJNw=="
      },
      "Microsoft.Testing.Platform.MSBuild": {
        "type": "Transitive",
        "resolved": "1.7.3",
        "contentHash": "tSIKXv7tLLYDjfodqLuTigsmOVcYj0CDC1rYeac5MTgHjbYV8IfmYh4FprBt/xE1zW8phkCYP766F9ayo560jA==",
        "dependencies": {
          "Microsoft.Testing.Platform": "1.7.3"
        }
      },
      "Microsoft.TestPlatform.ObjectModel": {
        "type": "Transitive",
        "resolved": "18.0.1",
        "contentHash": "qT/mwMcLF9BieRkzOBPL2qCopl8hQu6A1P7JWAoj/FMu5i9vds/7cjbJ/LLtaiwWevWLAeD5v5wjQJ/l6jvhWQ==",
        "dependencies": {
          "System.Reflection.Metadata": "8.0.0"
        }
      },
      "Microsoft.TestPlatform.TestHost": {
        "type": "Transitive",
        "resolved": "18.0.1",
        "contentHash": "uDJKAEjFTaa2wHdWlfo6ektyoh+WD4/Eesrwb4FpBFKsLGehhACVnwwTI4qD3FrIlIEPlxdXg3SyrYRIcO+RRQ==",
        "dependencies": {
          "Microsoft.TestPlatform.ObjectModel": "18.0.1",
          "Newtonsoft.Json": "13.0.3"
        }
      },
      "Newtonsoft.Json": {
        "type": "Transitive",
        "resolved": "13.0.3",
        "contentHash": "HrC5BXdl00IP9zeV+0Z848QWPAoCr9P3bDEZguI+gkLcBKAOxix/tLEAAHC+UvDNPv4a2d18lOReHMOagPa+zQ=="
      },
      "Npgsql": {
        "type": "Transitive",
        "resolved": "9.0.3",
        "contentHash": "tPvY61CxOAWxNsKLEBg+oR646X4Bc8UmyQ/tJszL/7mEmIXQnnBhVJZrZEEUv0Bstu0mEsHZD5At3EO8zQRAYw==",
        "dependencies": {
          "Microsoft.Extensions.Logging.Abstractions": "8.0.2"
        }
      },
      "System.Collections.Immutable": {
        "type": "Transitive",
        "resolved": "8.0.0",
        "contentHash": "AurL6Y5BA1WotzlEvVaIDpqzpIPvYnnldxru8oXJU2yFxFUy3+pNXjXd1ymO+RA0rq0+590Q8gaz2l3Sr7fmqg=="
      },
      "System.Reflection.Metadata": {
        "type": "Transitive",
        "resolved": "8.0.0",
        "contentHash": "ptvgrFh7PvWI8bcVqG5rsA/weWM09EnthFHR5SCnS6IN+P4mj6rE1lBDC4U8HL9/57htKAqy4KQ3bBj84cfYyQ==",
        "dependencies": {
          "System.Collections.Immutable": "8.0.0"
        }
      },
      "xunit.analyzers": {
        "type": "Transitive",
        "resolved": "1.23.0",
        "contentHash": "WCkO1FPTWoESLhghoXA881CulRYpve0UrXLsL5aYcLQd9SlD+oADb16NAP+SE5o3w0FM2MzGTklBwY8yUfj0ng=="
      },
      "xunit.v3.assert": {
        "type": "Transitive",
        "resolved": "3.0.0",
        "contentHash": "tlEmAE8uQ9fOhbNyg7sLJiYhekeD4LFRDJRZrv3mdnvJv7kfb2Z1OmJcsMHF+/N/QE/vTtwqRItiPJZGpOw/EQ=="
      },
      "xunit.v3.common": {
        "type": "Transitive",
        "resolved": "3.0.0",
        "contentHash": "8bPJb2N2kYWSa9c9pkUtQmzWc2+0wKxWo9NIgUev6DX+TkXjdBUh6zY0LPVIdSGxsl3swjn4+gEpj5QjrzZiQw==",
        "dependencies": {
          "Microsoft.Bcl.AsyncInterfaces": "6.0.0"
        }
      },
      "xunit.v3.core": {
        "type": "Transitive",
        "resolved": "3.0.0",
        "contentHash": "c71CPzXXTbnmr3iz2dmo4OniOWNM+30DtWQxpepKVjLIFRYimP+ahn/pjPHSmDqL2xl2tewosLNFodyijcnBLQ==",
        "dependencies": {
          "Microsoft.Testing.Platform.MSBuild": "1.7.3",
          "xunit.v3.extensibility.core": "[3.0.0]",
          "xunit.v3.runner.inproc.console": "[3.0.0]"
        }
      },
      "xunit.v3.extensibility.core": {
        "type": "Transitive",
        "resolved": "3.0.0",
        "contentHash": "bzYmxPXtuLDwueg5gqB4/JlCShqHO/weZVgsOxgvMSw4ulyKFqv78JpUE1+aluJWitrfeaL6P8mfPV6zLQS49w==",
        "dependencies": {
          "xunit.v3.common": "[3.0.0]"
        }
      },
      "xunit.v3.runner.common": {
        "type": "Transitive",
        "resolved": "3.0.0",
        "contentHash": "GIk0y3T/siVtU2rwbPPC/PFANHlAbknwWmxNOPqyz+NviFTKY3sILeHeotQff4MT+Rk0tjPGNAwCtzp9fRPLpQ==",
        "dependencies": {
          "xunit.v3.common": "[3.0.0]"
        }
      },
      "xunit.v3.runner.inproc.console": {
        "type": "Transitive",
        "resolved": "3.0.0",
        "contentHash": "V0ZxjXFRVDoscU4SfVFvHVzqhGbevBitl7Yn3Vn6s+NqFmwP4tY6/o3ZU9skAQ1bgtfNUEYfrwYTzzoeQFbNQw==",
        "dependencies": {
          "Microsoft.Testing.Extensions.TrxReport.Abstractions": "1.7.3",
          "Microsoft.Testing.Platform": "1.7.3",
          "xunit.v3.extensibility.core": "[3.0.0]",
          "xunit.v3.runner.common": "[3.0.0]"
        }
      },
      "kpi.application": {
        "type": "Project",
        "dependencies": {
          "Kpi.Domain": "[1.0.0, )"
        }
      },
      "kpi.domain": {
        "type": "Project"
      },
      "kpi.infrastructure.postgres": {
        "type": "Project",
        "dependencies": {
          "Kpi.Application": "[1.0.0, )",
          "Kpi.Domain": "[1.0.0, )",
          "Microsoft.EntityFrameworkCore": "[9.0.16, )",
          "Npgsql.EntityFrameworkCore.PostgreSQL": "[9.0.4, )"
        }
      },
      "kpi.migrator": {
        "type": "Project",
        "dependencies": {
          "Kpi.Infrastructure.Postgres": "[1.0.0, )",
          "Microsoft.Extensions.Configuration": "[9.0.16, )",
          "Microsoft.Extensions.Configuration.EnvironmentVariables": "[9.0.16, )",
          "Microsoft.Extensions.Configuration.Json": "[9.0.16, )"
        }
      },
      "Microsoft.EntityFrameworkCore": {
        "type": "CentralTransitive",
        "requested": "[9.0.16, )",
        "resolved": "9.0.16",
        "contentHash": "vNtlfSJu4dQy3iMBib654PrhoZFOEoy8smSNQyrvhDXhKObiRG/sP50831hUXCNhNWNYZHHHCOknys/m+Rgkog==",
        "dependencies": {
          "Microsoft.EntityFrameworkCore.Abstractions": "9.0.16",
          "Microsoft.EntityFrameworkCore.Analyzers": "9.0.16",
          "Microsoft.Extensions.Caching.Memory": "9.0.16",
          "Microsoft.Extensions.Logging": "9.0.16"
        }
      },
      "Microsoft.Extensions.Configuration": {
        "type": "CentralTransitive",
        "requested": "[9.0.16, )",
        "resolved": "9.0.16",
        "contentHash": "QetFHhyFfoKjFeZCHl2gLrMFzTfMpy/F805+gYKnZjonG/QvHJNHiP1M8wlziHYqI8qsG/1B8gX6lAUivj202g==",
        "dependencies": {
          "Microsoft.Extensions.Configuration.Abstractions": "9.0.16",
          "Microsoft.Extensions.Primitives": "9.0.16"
        }
      },
      "Microsoft.Extensions.Configuration.EnvironmentVariables": {
        "type": "CentralTransitive",
        "requested": "[9.0.16, )",
        "resolved": "9.0.16",
        "contentHash": "cuZm5fbFVbe3ylEXV43IhJcsUZ0jhdh7Km9F0AMuYSyfjPNeJItzTlNxQdts4Y0LjfNl7cIFEEkJ13zJmXC8iA==",
        "dependencies": {
          "Microsoft.Extensions.Configuration": "9.0.16",
          "Microsoft.Extensions.Configuration.Abstractions": "9.0.16"
        }
      },
      "Microsoft.Extensions.Configuration.Json": {
        "type": "CentralTransitive",
        "requested": "[9.0.16, )",
        "resolved": "9.0.16",
        "contentHash": "vuuJyt3Ic262mpZxDcR5/LHmswQ68OcqKp+lS96nrWEHdxJ6NCtmouNoT136Ea06/l5Lat5KzC05JRGSJIN+ow==",
        "dependencies": {
          "Microsoft.Extensions.Configuration": "9.0.16",
          "Microsoft.Extensions.Configuration.Abstractions": "9.0.16",
          "Microsoft.Extensions.Configuration.FileExtensions": "9.0.16",
          "Microsoft.Extensions.FileProviders.Abstractions": "9.0.16"
        }
      },
      "Npgsql.EntityFrameworkCore.PostgreSQL": {
        "type": "CentralTransitive",
        "requested": "[9.0.4, )",
        "resolved": "9.0.4",
        "contentHash": "mw5vcY2IEc7L+IeGrxpp/J5OSnCcjkjAgJYCm/eD52wpZze8zsSifdqV7zXslSMmfJG2iIUGZyo3KuDtEFKwMQ==",
        "dependencies": {
          "Microsoft.EntityFrameworkCore": "[9.0.1, 10.0.0)",
          "Microsoft.EntityFrameworkCore.Relational": "[9.0.1, 10.0.0)",
          "Npgsql": "9.0.3"
        }
      }
    }
  }
}