{
  "version": 2,
  "dependencies": {
    "net9.0": {
      "Microsoft.Extensions.Configuration": {
        "type": "Direct",
        "requested": "[9.0.16, )",
        "resolved": "9.0.16",
        "contentHash": "QetFHhyFfoKjFeZCHl2gLrMFzTfMpy/F805+gYKnZjonG/QvHJNHiP1M8wlziHYqI8qsG/1B8gX6lAUivj202g==",
        "dependencies": {
          "Microsoft.Extensions.Configuration.Abstractions": "9.0.16",
          "Microsoft.Extensions.Primitives": "9.0.16"
        }
      },
      "Microsoft.Extensions.Configuration.EnvironmentVariables": {
        "type": "Direct",
        "requested": "[9.0.16, )",
        "resolved": "9.0.16",
        "contentHash": "cuZm5fbFVbe3ylEXV43IhJcsUZ0jhdh7Km9F0AMuYSyfjPNeJItzTlNxQdts4Y0LjfNl7cIFEEkJ13zJmXC8iA==",
        "dependencies": {
          "Microsoft.Extensions.Configuration": "9.0.16",
          "Microsoft.Extensions.Configuration.Abstractions": "9.0.16"
        }
      },
      "Microsoft.Extensions.Configuration.Json": {
        "type": "Direct",
        "requested": "[9.0.16, )",
        "resolved": "9.0.16",
        "contentHash": "vuuJyt3Ic262mpZxDcR5/LHmswQ68OcqKp+lS96nrWEHdxJ6NCtmouNoT136Ea06/l5Lat5KzC05JRGSJIN+ow==",
        "dependencies": {
          "Microsoft.Extensions.Configuration": "9.0.16",
          "Microsoft.Extensions.Configuration.Abstractions": "9.0.16",
          "Microsoft.Extensions.Configuration.FileExtensions": "9.0.16",
          "Microsoft.Extensions.FileProviders.Abstractions": "9.0.16"
        }
      },
      "Microsoft.EntityFrameworkCore.Abstractions": {
        "type": "Transitive",
        "resolved": "9.0.16",
        "contentHash": "t99MjhkXfbVajhe6nPepv4ZP5Qcpj4bgwmv2tNzvKr1NF1J+MRe7tulFHknhOazhUatH+shK/B7/NheiwdYh3A=="
      },
      "Microsoft.EntityFrameworkCore.Analyzers": {
        "type": "Transitive",
        "resolved": "9.0.16",
        "contentHash": "0Kf89oM4aVocoVflsLa/tN7qpX7M5Fg6L6d2H0ZlIil8SFNpG0NmC3bnidAa2690qg2lQwswueiZA0Fl7QAeVw=="
      },
      "Microsoft.EntityFrameworkCore.Relational": {
        "type": "Transitive",
        "resolved": "9.0.1",
        "contentHash": "7Iu0h4oevRvH4IwPzmxuIJGYRt55TapoREGlluk75KCO7lenN0+QnzCl6cQDY48uDoxAUpJbpK2xW7o8Ix69dw==",
        "dependencies": {
          "Microsoft.EntityFrameworkCore": "9.0.1",
          "Microsoft.Extensions.Caching.Memory": "9.0.1",
          "Microsoft.Extensions.Configuration.Abstractions": "9.0.1",
          "Microsoft.Extensions.Logging": "9.0.1"
        }
      },
      "Microsoft.Extensions.Caching.Abstractions": {
        "type": "Transitive",
        "resolved": "9.0.16",
        "contentHash": "0jHFjlmTblnQ/m/h6ezqpMDxmc/VM9IYDYvPsLg2BAJt+Js9OAgs1vPMnJtNHFHbTig4Pbxm353eVvlHvCnFTw==",
        "dependencies": {
          "Microsoft.Extensions.Primitives": "9.0.16"
        }
      },
      "Microsoft.Extensions.Caching.Memory": {
        "type": "Transitive",
        "resolved": "9.0.16",
        "contentHash": "DakrEhZN1y0V8gXgexnJfvBJ+7pR+Ki16kCXHZzAKbdb7446BfV+SXPn9DB4eCYCCZ4cuzFRAKGsMaj9GSyz0w==",
        "dependencies": {
          "Microsoft.Extensions.Caching.Abstractions": "9.0.16",
          "Microsoft.Extensions.DependencyInjection.Abstractions": "9.0.16",
          "Microsoft.Extensions.Logging.Abstractions": "9.0.16",
          "Microsoft.Extensions.Options": "9.0.16",
          "Microsoft.Extensions.Primitives": "9.0.16"
        }
      },
      "Microsoft.Extensions.Configuration.Abstractions": {
        "type": "Transitive",
        "resolved": "9.0.16",
        "contentHash": "+Hgfx2NC+lLG7S47DxhASWp9bbCuEPyzO7s/JTJ9DLc0QXpFTBdJVQouoHaqqQCOD+78k+Np+/cSaQdqrhrf5g==",
        "dependencies": {
          "Microsoft.Extensions.Primitives": "9.0.16"
        }
      },
      "Microsoft.Extensions.Configuration.FileExtensions": {
        "type": "Transitive",
        "resolved": "9.0.16",
        "contentHash": "Pyk9/H+V7PSibfJgu0yEWi9wwunct5I1XMUNsvLyOH5aH5hJL07deJBY5Q+h9zatl+Uw6us+34c4az/x3Z0oRA==",
        "dependencies": {
          "Microsoft.Extensions.Configuration": "9.0.16",
          "Microsoft.Extensions.Configuration.Abstractions": "9.0.16",
          "Microsoft.Extensions.FileProviders.Abstractions": "9.0.16",
          "Microsoft.Extensions.FileProviders.Physical": "9.0.16",
          "Microsoft.Extensions.Primitives": "9.0.16"
        }
      },
      "Microsoft.Extensions.DependencyInjection": {
        "type": "Transitive",
        "resolved": "9.0.16",
        "contentHash": "ehl4zyK3uUAPX+sQWIzlcavpfWJVb5vl468tI71x5BRzE1Q/1co9OLYmTdEQtVS8qd0GO7RQK/nz6lZha1+Stw==",
        "dependencies": {
          "Microsoft.Extensions.DependencyInjection.Abstractions": "9.0.16"
        }
      },
      "Microsoft.Extensions.DependencyInjection.Abstractions": {
        "type": "Transitive",
        "resolved": "9.0.16",
        "contentHash": "nluyqL58OHcU2M1qFx2QXBa0miA4yUfQBX2J98hHKRrsigtVEJzQYPMDhwDeBaX4qyjI3f3rX+uOsP5lAwPJpg=="
      },
      "Microsoft.Extensions.FileProviders.Abstractions": {
        "type": "Transitive",
        "resolved": "9.0.16",
        "contentHash": "/YLSWDs+p0Y4+UGPoWI3uUNq7R5/f/8zw8XeViuhfSTGnPowoqbllBE9aR4TteFgNfIH4IHkhUwSlhMLB0aL8g==",
        "dependencies": {
          "Microsoft.Extensions.Primitives": "9.0.16"
        }
      },
      "Microsoft.Extensions.FileProviders.Physical": {
        "type": "Transitive",
        "resolved": "9.0.16",
        "contentHash": "jRD7Q/gUMwcd3qhjv+j72apkLhxV0bci1AiqUVAZ9Cy53XgZG1Qwy4/MVxUN4xh8F0L/J8UP0l4+FLnhfZnJ7A==",
        "dependencies": {
          "Microsoft.Extensions.FileProviders.Abstractions": "9.0.16",
          "Microsoft.Extensions.FileSystemGlobbing": "9.0.16",
          "Microsoft.Extensions.Primitives": "9.0.16"
        }
      },
      "Microsoft.Extensions.FileSystemGlobbing": {
        "type": "Transitive",
        "resolved": "9.0.16",
        "contentHash": "e+DBK3rmeR4UUUprclszcOu1b6KB6sVpyw2fL7WQLSEt2D29NMFZpEa+2VeFzZWm7IAou7ELBq67LtWs6H6CXQ=="
      },
      "Microsoft.Extensions.Logging": {
        "type": "Transitive",
        "resolved": "9.0.16",
        "contentHash": "EDI3wGfdlvcOSfYC00NaqW60JibBN7iHlJrrlQwL2cjW+ajDWC+ajGd0oX8iSGNfQRdM8/YMTw4Dk/9xPmpubA==",
        "dependencies": {
          "Microsoft.Extensions.DependencyInjection": "9.0.16",
          "Microsoft.Extensions.Logging.Abstractions": "9.0.16",
          "Microsoft.Extensions.Options": "9.0.16"
        }
      },
      "Microsoft.Extensions.Logging.Abstractions": {
        "type": "Transitive",
        "resolved": "9.0.16",
        "contentHash": "dxeqqtPo1y1HjOKehfGiFWALIVw2dj0pMsPW412ksvKE6k54ZBEQ7/9xAdVpE7Mh5BboJOV58PC7gdATmxKkSA==",
        "dependencies": {
          "Microsoft.Extensions.DependencyInjection.Abstractions": "9.0.16"
        }
      },
      "Microsoft.Extensions.Options": {
        "type": "Transitive",
        "resolved": "9.0.16",
        "contentHash": "y6d58Ua9dJYrEKfcWFoPnA/K8id/WEIpcvAhk5Iu7w3vIBTQNmHhurWKAYuesfuLaZhHEKOXueruRp4l0Y74Vw==",
        "dependencies": {
          "Microsoft.Extensions.DependencyInjection.Abstractions": "9.0.16",
          "Microsoft.Extensions.Primitives": "9.0.16"
        }
      },
      "Microsoft.Extensions.Primitives": {
        "type": "Transitive",
        "resolved": "9.0.16",
        "contentHash": "w5RE1MR0lnAElsRJaFd2POIXl/H62aBKmfX8ibYmRmbk0JB9V/9jR0VD5NxiP1ETWpnDAnPguTSe7fF/FdsHEQ=="
      },
      "Npgsql": {
        "type": "Transitive",
        "resolved": "9.0.3",
        "contentHash": "tPvY61CxOAWxNsKLEBg+oR646X4Bc8UmyQ/tJszL/7mEmIXQnnBhVJZrZEEUv0Bstu0mEsHZD5At3EO8zQRAYw==",
        "dependencies": {
          "Microsoft.Extensions.Logging.Abstractions": "8.0.2"
        }
      },
      "kpi.application": {
        "type": "Project",
        "dependencies": {
          "Kpi.Domain": "[1.0.0, )"
        }
      },
      "kpi.domain": {
        "type": "Project"
      },
      "kpi.infrastructure.postgres": {
        "type": "Project",
        "dependencies": {
          "Kpi.Application": "[1.0.0, )",
          "Kpi.Domain": "[1.0.0, )",
          "Microsoft.EntityFrameworkCore": "[9.0.16, )",
          "Npgsql.EntityFrameworkCore.PostgreSQL": "[9.0.4, )"
        }
      },
      "Microsoft.EntityFrameworkCore": {
        "type": "CentralTransitive",
        "requested": "[9.0.16, )",
        "resolved": "9.0.16",
        "contentHash": "vNtlfSJu4dQy3iMBib654PrhoZFOEoy8smSNQyrvhDXhKObiRG/sP50831hUXCNhNWNYZHHHCOknys/m+Rgkog==",
        "dependencies": {
          "Microsoft.EntityFrameworkCore.Abstractions": "9.0.16",
          "Microsoft.EntityFrameworkCore.Analyzers": "9.0.16",
          "Microsoft.Extensions.Caching.Memory": "9.0.16",
          "Microsoft.Extensions.Logging": "9.0.16"
        }
      },
      "Npgsql.EntityFrameworkCore.PostgreSQL": {
        "type": "CentralTransitive",
        "requested": "[9.0.4, )",
        "resolved": "9.0.4",
        "contentHash": "mw5vcY2IEc7L+IeGrxpp/J5OSnCcjkjAgJYCm/eD52wpZze8zsSifdqV7zXslSMmfJG2iIUGZyo3KuDtEFKwMQ==",
        "dependencies": {
          "Microsoft.EntityFrameworkCore": "[9.0.1, 10.0.0)",
          "Microsoft.EntityFrameworkCore.Relational": "[9.0.1, 10.0.0)",
          "Npgsql": "9.0.3"
        }
      }
    }
  }
}